
Microsoft Visual Studio Solution File, Format Version 12.00
# Visual Studio Version 16
VisualStudioVersion = 16.0.30804.86
MinimumVisualStudioVersion = 10.0.40219.1
Project("{FAE04EC0-301F-11D3-BF4B-00C04F79EFBC}") = "AvDiagnósticaLogicaProgramação", "AvDiagnósticaLogicaProgramação\AvDiagnósticaLogicaProgramação.csproj", "{17D37B53-FB10-4950-8842-82DBC95E0F17}"
EndProject
Global
	GlobalSection(SolutionConfigurationPlatforms) = preSolution
		Debug|Any CPU = Debug|Any CPU
		Release|Any CPU = Release|Any CPU
	EndGlobalSection
	GlobalSection(ProjectConfigurationPlatforms) = postSolution
		{17D37B53-FB10-4950-8842-82DBC95E0F17}.Debug|Any CPU.ActiveCfg = Debug|Any CPU
		{17D37B53-FB10-4950-8842-82DBC95E0F17}.Debug|Any CPU.Build.0 = Debug|Any CPU
		{17D37B53-FB10-4950-8842-82DBC95E0F17}.Release|Any CPU.ActiveCfg = Release|Any CPU
		{17D37B53-FB10-4950-8842-82DBC95E0F17}.Release|Any CPU.Build.0 = Release|Any CPU
	EndGlobalSection
	GlobalSection(SolutionProperties) = preSolution
		HideSolutionNode = FALSE
	EndGlobalSection
	GlobalSection(ExtensibilityGlobals) = postSolution
		SolutionGuid = {F24900A9-25A3-4FC8-BAEA-8B4382671E1F}
	EndGlobalSection
EndGlobal
